
Microsoft Visual Studio Solution File, Format Version 12.00
# Visual Studio Version 16
VisualStudioVersion = 16.0.30621.155
MinimumVisualStudioVersion = 10.0.40219.1
Project("{9A19103F-16F7-4668-BE54-9A1E7A4F7556}") = "AppConfigSyncFunction", "AppConfigSyncFunction\AppConfigSyncFunction.csproj", "{720011BD-2262-465A-B246-92FE2831BA08}"
EndProject
Project("{151D2E53-A2C4-4D7D-83FE-D05416EBD58E}") = "AppConfigSyncFunction.ARM", "AppConfigSyncFunction.ARM\AppConfigSyncFunction.ARM.deployproj", "{066CD6E6-2BD8-4179-BBF8-17F14E8C974E}"
EndProject
Project("{FAE04EC0-301F-11D3-BF4B-00C04F79EFBC}") = "AppConfigSyncFunction.Tests", "AppConfigSyncFunction.Tests\AppConfigSyncFunction.Tests.csproj", "{513B01BD-A55B-4470-9633-48385B04C3D7}"
EndProject
Global
	GlobalSection(SolutionConfigurationPlatforms) = preSolution
		Debug|Any CPU = Debug|Any CPU
		Release|Any CPU = Release|Any CPU
	EndGlobalSection
	GlobalSection(ProjectConfigurationPlatforms) = postSolution
		{720011BD-2262-465A-B246-92FE2831BA08}.Debug|Any CPU.ActiveCfg = Debug|Any CPU
		{720011BD-2262-465A-B246-92FE2831BA08}.Debug|Any CPU.Build.0 = Debug|Any CPU
		{720011BD-2262-465A-B246-92FE2831BA08}.Release|Any CPU.ActiveCfg = Release|Any CPU
		{720011BD-2262-465A-B246-92FE2831BA08}.Release|Any CPU.Build.0 = Release|Any CPU
		{066CD6E6-2BD8-4179-BBF8-17F14E8C974E}.Debug|Any CPU.ActiveCfg = Debug|Any CPU
		{066CD6E6-2BD8-4179-BBF8-17F14E8C974E}.Debug|Any CPU.Build.0 = Debug|Any CPU
		{066CD6E6-2BD8-4179-BBF8-17F14E8C974E}.Release|Any CPU.ActiveCfg = Release|Any CPU
		{066CD6E6-2BD8-4179-BBF8-17F14E8C974E}.Release|Any CPU.Build.0 = Release|Any CPU
		{513B01BD-A55B-4470-9633-48385B04C3D7}.Debug|Any CPU.ActiveCfg = Debug|Any CPU
		{513B01BD-A55B-4470-9633-48385B04C3D7}.Debug|Any CPU.Build.0 = Debug|Any CPU
		{513B01BD-A55B-4470-9633-48385B04C3D7}.Release|Any CPU.ActiveCfg = Release|Any CPU
		{513B01BD-A55B-4470-9633-48385B04C3D7}.Release|Any CPU.Build.0 = Release|Any CPU
	EndGlobalSection
	GlobalSection(SolutionProperties) = preSolution
		HideSolutionNode = FALSE
	EndGlobalSection
	GlobalSection(ExtensibilityGlobals) = postSolution
		SolutionGuid = {AB20558C-816D-4BDD-BE3C-292E26D53FE3}
	EndGlobalSection
EndGlobal
