
Microsoft Visual Studio Solution File, Format Version 12.00
# Visual Studio Version 17
VisualStudioVersion = 17.2.32505.173
MinimumVisualStudioVersion = 10.0.40219.1
Project("{FAE04EC0-301F-11D3-BF4B-00C04F79EFBC}") = "DurableFunctionsStorageProviders.Functions", "DurableFunctionsStorageProviders.Functions\DurableFunctionsStorageProviders.Functions.csproj", "{CAA6623B-4D97-45C7-B69D-C9B9BD3883F4}"
EndProject
Global
	GlobalSection(SolutionConfigurationPlatforms) = preSolution
		Debug|Any CPU = Debug|Any CPU
		Release|Any CPU = Release|Any CPU
	EndGlobalSection
	GlobalSection(ProjectConfigurationPlatforms) = postSolution
		{CAA6623B-4D97-45C7-B69D-C9B9BD3883F4}.Debug|Any CPU.ActiveCfg = Debug|Any CPU
		{CAA6623B-4D97-45C7-B69D-C9B9BD3883F4}.Debug|Any CPU.Build.0 = Debug|Any CPU
		{CAA6623B-4D97-45C7-B69D-C9B9BD3883F4}.Release|Any CPU.ActiveCfg = Release|Any CPU
		{CAA6623B-4D97-45C7-B69D-C9B9BD3883F4}.Release|Any CPU.Build.0 = Release|Any CPU
	EndGlobalSection
	GlobalSection(SolutionProperties) = preSolution
		HideSolutionNode = FALSE
	EndGlobalSection
	GlobalSection(ExtensibilityGlobals) = postSolution
		SolutionGuid = {72A42535-89F2-49E9-B7CB-0326361FC7BB}
	EndGlobalSection
EndGlobal
